
Microsoft Visual Studio Solution File, Format Version 12.00
# Visual Studio Version 17
VisualStudioVersion = 17.12.35527.113
MinimumVisualStudioVersion = 10.0.40219.1
Project("{FAE04EC0-301F-11D3-BF4B-00C04F79EFBC}") = "WPFMonaco", "WPFMonaco\WPFMonaco.csproj", "{9C2C74F6-FD9D-4293-88CB-C8045C49C2F1}"
EndProject
Project("{FAE04EC0-301F-11D3-BF4B-00C04F79EFBC}") = "WPFMonaco.Sample", "WPFMonaco.Sample\WPFMonaco.Sample.csproj", "{2A965491-D221-432D-81FE-5E66CCBF2452}"
EndProject
Global
	GlobalSection(SolutionConfigurationPlatforms) = preSolution
		Debug|Any CPU = Debug|Any CPU
		Release|Any CPU = Release|Any CPU
	EndGlobalSection
	GlobalSection(ProjectConfigurationPlatforms) = postSolution
		{9C2C74F6-FD9D-4293-88CB-C8045C49C2F1}.Debug|Any CPU.ActiveCfg = Debug|Any CPU
		{9C2C74F6-FD9D-4293-88CB-C8045C49C2F1}.Debug|Any CPU.Build.0 = Debug|Any CPU
		{9C2C74F6-FD9D-4293-88CB-C8045C49C2F1}.Release|Any CPU.ActiveCfg = Release|Any CPU
		{9C2C74F6-FD9D-4293-88CB-C8045C49C2F1}.Release|Any CPU.Build.0 = Release|Any CPU
		{2A965491-D221-432D-81FE-5E66CCBF2452}.Debug|Any CPU.ActiveCfg = Debug|Any CPU
		{2A965491-D221-432D-81FE-5E66CCBF2452}.Debug|Any CPU.Build.0 = Debug|Any CPU
		{2A965491-D221-432D-81FE-5E66CCBF2452}.Release|Any CPU.ActiveCfg = Release|Any CPU
		{2A965491-D221-432D-81FE-5E66CCBF2452}.Release|Any CPU.Build.0 = Release|Any CPU
	EndGlobalSection
	GlobalSection(SolutionProperties) = preSolution
		HideSolutionNode = FALSE
	EndGlobalSection
EndGlobal
